<?xml version="1.0" encoding="utf-8"?>
<Project ToolsVersion="4.0" xmlns="http://schemas.microsoft.com/developer/msbuild/2003">
  <ItemGroup>
    <ClCompile Include="AddPointsCommand.cpp" />
    <ClCompile Include="BalloonComponent.cpp" />
    <ClCompile Include="BaseEnemyComponent.cpp" />
    <ClCompile Include="BlastResponder.cpp" />
    <ClCompile Include="BombCommand.cpp" />
    <ClCompile Include="BombComponent.cpp" />
    <ClCompile Include="BombFuseState.cpp" />
    <ClCompile Include="BombHideState.cpp" />
    <ClCompile Include="CharacterMoveComponent.cpp" />
    <ClCompile Include="DeathCommand.cpp" />
    <ClCompile Include="DestructibleWallResponder.cpp" />
    <ClCompile Include="DetonatorCommand.cpp" />
    <ClCompile Include="DollComponent.cpp" />
    <ClCompile Include="EnemyCollisionResponder.cpp" />
    <ClCompile Include="FPSCounter.cpp" />
    <ClCompile Include="GameActor.cpp" />
    <ClCompile Include="GameActorCommand.cpp" />
    <ClCompile Include="IBombState.cpp" />
    <ClCompile Include="LambdaCommand.cpp" />
    <ClCompile Include="LevelLoader.cpp" />
    <ClCompile Include="LivesDisplay.cpp" />
    <ClCompile Include="Main.cpp" />
    <ClCompile Include="MinvoComponent.cpp" />
    <ClCompile Include="MoveCommand.cpp" />
    <ClCompile Include="MoveDirCommand.cpp" />
    <ClCompile Include="OnealComponent.cpp" />
    <ClCompile Include="PlayerComponent.cpp" />
    <ClCompile Include="PlayerManager.cpp" />
    <ClCompile Include="PointsDisplay.cpp" />
    <ClCompile Include="PointsSubject.cpp" />
    <ClCompile Include="PowerUpCollisionResponder.cpp" />
    <ClCompile Include="PowerUpComponent.cpp" />
    <ClCompile Include="ScoreComponent.cpp" />
    <ClCompile Include="SpriteSheetComponent.cpp" />
    <ClCompile Include="StaticWallResponder.cpp" />
    <ClCompile Include="UpDownMoveComponent.cpp" />
    <ClCompile Include="EnemyManager.cpp" />
    <ClCompile Include="ExitResponder.cpp" />
    <ClCompile Include="LevelManager.cpp" />
    <ClCompile Include="GameController.cpp" />
  </ItemGroup>
  <ItemGroup>
    <ClInclude Include="AddPointsCommand.h" />
    <ClInclude Include="BalloonComponent.h" />
    <ClInclude Include="BaseEnemyComponent.h" />
    <ClInclude Include="BlastResponder.h" />
    <ClInclude Include="BombCommand.h" />
    <ClInclude Include="BombComponent.h" />
    <ClInclude Include="BombFuseState.h" />
    <ClInclude Include="BombHideState.h" />
    <ClInclude Include="CharacterMoveComponent.h" />
    <ClInclude Include="DeathCommand.h" />
    <ClInclude Include="DestructibleWallResponder.h" />
    <ClInclude Include="DetonatorCommand.h" />
    <ClInclude Include="DollComponent.h" />
    <ClInclude Include="EnemyCollisionResponder.h" />
    <ClInclude Include="FPSCounter.h" />
    <ClInclude Include="GameActor.h" />
    <ClInclude Include="GameActorCommand.h" />
    <ClInclude Include="GameEvents.h" />
    <ClInclude Include="IBombState.h" />
    <ClInclude Include="LambdaCommand.h" />
    <ClInclude Include="LevelLoader.h" />
    <ClInclude Include="LivesDisplay.h" />
    <ClInclude Include="MinvoComponent.h" />
    <ClInclude Include="MoveCommand.h" />
    <ClInclude Include="MoveDirCommand.h" />
    <ClInclude Include="OnealComponent.h" />
    <ClInclude Include="PlayerComponent.h" />
    <ClInclude Include="PlayerManager.h" />
    <ClInclude Include="PointsDisplay.h" />
    <ClInclude Include="PointsSubject.h" />
    <ClInclude Include="PowerUpCollisionResponder.h" />
    <ClInclude Include="PowerUpComponent.h" />
    <ClInclude Include="PowerUpType.h" />
    <ClInclude Include="ScoreComponent.h" />
    <ClInclude Include="SpriteSheetComponent.h" />
    <ClInclude Include="StaticWallResponder.h" />
    <ClInclude Include="UpDownMoveComponent.h" />
    <ClInclude Include="EnemyManager.h" />
    <ClInclude Include="ExitResponder.h" />
    <ClInclude Include="LevelManager.h" />
    <ClInclude Include="GameController.h" />
  </ItemGroup>
</Project>